
Microsoft Visual Studio Solution File, Format Version 12.00
# Visual Studio 15
VisualStudioVersion = 15.0.28307.1022
MinimumVisualStudioVersion = 10.0.40219.1
Project("{FAE04EC0-301F-11D3-BF4B-00C04F79EFBC}") = "gyogynovenyek", "gyogynovenyek\gyogynovenyek.csproj", "{3DAA5269-BD5B-478C-B04B-24F5CA657C11}"
EndProject
Global
	GlobalSection(SolutionConfigurationPlatforms) = preSolution
		Debug|Any CPU = Debug|Any CPU
		Release|Any CPU = Release|Any CPU
	EndGlobalSection
	GlobalSection(ProjectConfigurationPlatforms) = postSolution
		{3DAA5269-BD5B-478C-B04B-24F5CA657C11}.Debug|Any CPU.ActiveCfg = Debug|Any CPU
		{3DAA5269-BD5B-478C-B04B-24F5CA657C11}.Debug|Any CPU.Build.0 = Debug|Any CPU
		{3DAA5269-BD5B-478C-B04B-24F5CA657C11}.Release|Any CPU.ActiveCfg = Release|Any CPU
		{3DAA5269-BD5B-478C-B04B-24F5CA657C11}.Release|Any CPU.Build.0 = Release|Any CPU
	EndGlobalSection
	GlobalSection(SolutionProperties) = preSolution
		HideSolutionNode = FALSE
	EndGlobalSection
	GlobalSection(ExtensibilityGlobals) = postSolution
		SolutionGuid = {E631E747-5F60-43E0-946F-6B5868F9A534}
	EndGlobalSection
EndGlobal
